
Microsoft Visual Studio Solution File, Format Version 12.00
# Visual Studio 2013
VisualStudioVersion = 12.0.30110.0
MinimumVisualStudioVersion = 10.0.40219.1
Project("{FAE04EC0-301F-11D3-BF4B-00C04F79EFBC}") = "EveCentralProvider", "EveCentralProvider\EveCentralProvider.csproj", "{3190CEC1-2922-4FB9-8D1E-D92B96628201}"
EndProject
Project("{FAE04EC0-301F-11D3-BF4B-00C04F79EFBC}") = "EveCentralProvider.Tests", "EveCentralProvider.Tests\EveCentralProvider.Tests.csproj", "{8016857C-7AB3-4F3E-B8CD-BE01F5A18AD4}"
EndProject
Global
	GlobalSection(SolutionConfigurationPlatforms) = preSolution
		Debug|Any CPU = Debug|Any CPU
		Release|Any CPU = Release|Any CPU
	EndGlobalSection
	GlobalSection(ProjectConfigurationPlatforms) = postSolution
		{3190CEC1-2922-4FB9-8D1E-D92B96628201}.Debug|Any CPU.ActiveCfg = Debug|Any CPU
		{3190CEC1-2922-4FB9-8D1E-D92B96628201}.Debug|Any CPU.Build.0 = Debug|Any CPU
		{3190CEC1-2922-4FB9-8D1E-D92B96628201}.Release|Any CPU.ActiveCfg = Release|Any CPU
		{3190CEC1-2922-4FB9-8D1E-D92B96628201}.Release|Any CPU.Build.0 = Release|Any CPU
		{8016857C-7AB3-4F3E-B8CD-BE01F5A18AD4}.Debug|Any CPU.ActiveCfg = Debug|Any CPU
		{8016857C-7AB3-4F3E-B8CD-BE01F5A18AD4}.Debug|Any CPU.Build.0 = Debug|Any CPU
		{8016857C-7AB3-4F3E-B8CD-BE01F5A18AD4}.Release|Any CPU.ActiveCfg = Release|Any CPU
		{8016857C-7AB3-4F3E-B8CD-BE01F5A18AD4}.Release|Any CPU.Build.0 = Release|Any CPU
	EndGlobalSection
	GlobalSection(SolutionProperties) = preSolution
		HideSolutionNode = FALSE
	EndGlobalSection
EndGlobal
