
Microsoft Visual Studio Solution File, Format Version 12.00
# Visual Studio 15
VisualStudioVersion = 15.0.26403.3
MinimumVisualStudioVersion = 10.0.40219.1
Project("{FAE04EC0-301F-11D3-BF4B-00C04F79EFBC}") = "Entity", "Entity\Entity.csproj", "{CD4685DA-E8F3-43AE-A617-2668A2BDC51D}"
EndProject
Project("{FAE04EC0-301F-11D3-BF4B-00C04F79EFBC}") = "PriceMonitor", "PriceMonitor\PriceMonitor.csproj", "{DA37BCD8-F072-448E-B24A-B23624010205}"
EndProject
Project("{FAE04EC0-301F-11D3-BF4B-00C04F79EFBC}") = "EveCentralProvider", "evecentralprovider\EveCentralProvider\EveCentralProvider.csproj", "{3190CEC1-2922-4FB9-8D1E-D92B96628201}"
EndProject
Global
	GlobalSection(SolutionConfigurationPlatforms) = preSolution
		Debug|Any CPU = Debug|Any CPU
		Release|Any CPU = Release|Any CPU
	EndGlobalSection
	GlobalSection(ProjectConfigurationPlatforms) = postSolution
		{CD4685DA-E8F3-43AE-A617-2668A2BDC51D}.Debug|Any CPU.ActiveCfg = Debug|Any CPU
		{CD4685DA-E8F3-43AE-A617-2668A2BDC51D}.Debug|Any CPU.Build.0 = Debug|Any CPU
		{CD4685DA-E8F3-43AE-A617-2668A2BDC51D}.Release|Any CPU.ActiveCfg = Release|Any CPU
		{CD4685DA-E8F3-43AE-A617-2668A2BDC51D}.Release|Any CPU.Build.0 = Release|Any CPU
		{DA37BCD8-F072-448E-B24A-B23624010205}.Debug|Any CPU.ActiveCfg = Debug|Any CPU
		{DA37BCD8-F072-448E-B24A-B23624010205}.Debug|Any CPU.Build.0 = Debug|Any CPU
		{DA37BCD8-F072-448E-B24A-B23624010205}.Release|Any CPU.ActiveCfg = Release|Any CPU
		{DA37BCD8-F072-448E-B24A-B23624010205}.Release|Any CPU.Build.0 = Release|Any CPU
		{3190CEC1-2922-4FB9-8D1E-D92B96628201}.Debug|Any CPU.ActiveCfg = Debug|Any CPU
		{3190CEC1-2922-4FB9-8D1E-D92B96628201}.Debug|Any CPU.Build.0 = Debug|Any CPU
		{3190CEC1-2922-4FB9-8D1E-D92B96628201}.Release|Any CPU.ActiveCfg = Release|Any CPU
		{3190CEC1-2922-4FB9-8D1E-D92B96628201}.Release|Any CPU.Build.0 = Release|Any CPU
	EndGlobalSection
	GlobalSection(SolutionProperties) = preSolution
		HideSolutionNode = FALSE
	EndGlobalSection
EndGlobal
